
Microsoft Visual Studio Solution File, Format Version 12.00
# Visual Studio Version 17
VisualStudioVersion = 17.14.36623.8 d17.14
MinimumVisualStudioVersion = 10.0.40219.1
Project("{FAE04EC0-301F-11D3-BF4B-00C04F79EFBC}") = "EmployeeApp.Core", "EmployeeApp.Core\EmployeeApp.Core.csproj", "{16EEF380-2C80-41D8-A61F-BC89E36902CC}"
EndProject
Project("{FAE04EC0-301F-11D3-BF4B-00C04F79EFBC}") = "EmployeeApp.Data", "EmployeeApp.Data\EmployeeApp.Data.csproj", "{463DE7E4-0D42-40FF-B248-15EB28B543EC}"
EndProject
Project("{FAE04EC0-301F-11D3-BF4B-00C04F79EFBC}") = "EmployeeApp.View", "EmployeeApp.View\EmployeeApp.View.csproj", "{7DF027EB-0025-48C0-950B-B0BEEE1957DB}"
EndProject
Global
	GlobalSection(SolutionConfigurationPlatforms) = preSolution
		Debug|Any CPU = Debug|Any CPU
		Release|Any CPU = Release|Any CPU
	EndGlobalSection
	GlobalSection(ProjectConfigurationPlatforms) = postSolution
		{16EEF380-2C80-41D8-A61F-BC89E36902CC}.Debug|Any CPU.ActiveCfg = Debug|Any CPU
		{16EEF380-2C80-41D8-A61F-BC89E36902CC}.Debug|Any CPU.Build.0 = Debug|Any CPU
		{16EEF380-2C80-41D8-A61F-BC89E36902CC}.Release|Any CPU.ActiveCfg = Release|Any CPU
		{16EEF380-2C80-41D8-A61F-BC89E36902CC}.Release|Any CPU.Build.0 = Release|Any CPU
		{463DE7E4-0D42-40FF-B248-15EB28B543EC}.Debug|Any CPU.ActiveCfg = Debug|Any CPU
		{463DE7E4-0D42-40FF-B248-15EB28B543EC}.Debug|Any CPU.Build.0 = Debug|Any CPU
		{463DE7E4-0D42-40FF-B248-15EB28B543EC}.Release|Any CPU.ActiveCfg = Release|Any CPU
		{463DE7E4-0D42-40FF-B248-15EB28B543EC}.Release|Any CPU.Build.0 = Release|Any CPU
		{7DF027EB-0025-48C0-950B-B0BEEE1957DB}.Debug|Any CPU.ActiveCfg = Debug|Any CPU
		{7DF027EB-0025-48C0-950B-B0BEEE1957DB}.Debug|Any CPU.Build.0 = Debug|Any CPU
		{7DF027EB-0025-48C0-950B-B0BEEE1957DB}.Release|Any CPU.ActiveCfg = Release|Any CPU
		{7DF027EB-0025-48C0-950B-B0BEEE1957DB}.Release|Any CPU.Build.0 = Release|Any CPU
	EndGlobalSection
	GlobalSection(SolutionProperties) = preSolution
		HideSolutionNode = FALSE
	EndGlobalSection
	GlobalSection(ExtensibilityGlobals) = postSolution
		SolutionGuid = {6C588C5F-78C6-42E2-B0DB-D0151577B7AB}
	EndGlobalSection
EndGlobal
