
Microsoft Visual Studio Solution File, Format Version 12.00
# Visual Studio Version 17
VisualStudioVersion = 17.13.35919.96
MinimumVisualStudioVersion = 10.0.40219.1
Project("{FAE04EC0-301F-11D3-BF4B-00C04F79EFBC}") = "GameStore.Model", "GameStore.Model.csproj", "{2B2996BF-330D-43B3-AC4D-28B89A075350}"
EndProject
Project("{FAE04EC0-301F-11D3-BF4B-00C04F79EFBC}") = "GameStore.WinFormsApp", "..\GameStore.WinFormsApp\GameStore.WinFormsApp.csproj", "{0233F6AA-4032-40A4-B6DC-CCCD5B0FB144}"
EndProject
Project("{FAE04EC0-301F-11D3-BF4B-00C04F79EFBC}") = "GameStore.ConsoleApp", "..\GameStore.ConsoleApp\GameStore.ConsoleApp.csproj", "{5BD06977-3372-4F00-8DD0-03AA35C1A650}"
EndProject
Global
	GlobalSection(SolutionConfigurationPlatforms) = preSolution
		Debug|Any CPU = Debug|Any CPU
		Release|Any CPU = Release|Any CPU
	EndGlobalSection
	GlobalSection(ProjectConfigurationPlatforms) = postSolution
		{2B2996BF-330D-43B3-AC4D-28B89A075350}.Debug|Any CPU.ActiveCfg = Debug|Any CPU
		{2B2996BF-330D-43B3-AC4D-28B89A075350}.Debug|Any CPU.Build.0 = Debug|Any CPU
		{2B2996BF-330D-43B3-AC4D-28B89A075350}.Release|Any CPU.ActiveCfg = Release|Any CPU
		{2B2996BF-330D-43B3-AC4D-28B89A075350}.Release|Any CPU.Build.0 = Release|Any CPU
		{0233F6AA-4032-40A4-B6DC-CCCD5B0FB144}.Debug|Any CPU.ActiveCfg = Debug|Any CPU
		{0233F6AA-4032-40A4-B6DC-CCCD5B0FB144}.Debug|Any CPU.Build.0 = Debug|Any CPU
		{0233F6AA-4032-40A4-B6DC-CCCD5B0FB144}.Release|Any CPU.ActiveCfg = Release|Any CPU
		{0233F6AA-4032-40A4-B6DC-CCCD5B0FB144}.Release|Any CPU.Build.0 = Release|Any CPU
		{5BD06977-3372-4F00-8DD0-03AA35C1A650}.Debug|Any CPU.ActiveCfg = Debug|Any CPU
		{5BD06977-3372-4F00-8DD0-03AA35C1A650}.Debug|Any CPU.Build.0 = Debug|Any CPU
		{5BD06977-3372-4F00-8DD0-03AA35C1A650}.Release|Any CPU.ActiveCfg = Release|Any CPU
		{5BD06977-3372-4F00-8DD0-03AA35C1A650}.Release|Any CPU.Build.0 = Release|Any CPU
	EndGlobalSection
	GlobalSection(SolutionProperties) = preSolution
		HideSolutionNode = FALSE
	EndGlobalSection
	GlobalSection(ExtensibilityGlobals) = postSolution
		SolutionGuid = {C88404EC-500E-4C9F-AA92-6A8BBE61992A}
	EndGlobalSection
EndGlobal
